
Microsoft Visual Studio Solution File, Format Version 12.00
# Visual Studio Version 17
VisualStudioVersion = 17.8.34511.84
MinimumVisualStudioVersion = 10.0.40219.1
Project("{FAE04EC0-301F-11D3-BF4B-00C04F79EFBC}") = "DPM-XAML-Visualiser", "DPM-XAML-Visualiser\DPM-XAML-Visualiser.csproj", "{DB9C714C-6F6D-40C6-99B0-9A2724334F0E}"
EndProject
Global
	GlobalSection(SolutionConfigurationPlatforms) = preSolution
		Debug|Any CPU = Debug|Any CPU
		Release|Any CPU = Release|Any CPU
	EndGlobalSection
	GlobalSection(ProjectConfigurationPlatforms) = postSolution
		{DB9C714C-6F6D-40C6-99B0-9A2724334F0E}.Debug|Any CPU.ActiveCfg = Debug|Any CPU
		{DB9C714C-6F6D-40C6-99B0-9A2724334F0E}.Debug|Any CPU.Build.0 = Debug|Any CPU
		{DB9C714C-6F6D-40C6-99B0-9A2724334F0E}.Release|Any CPU.ActiveCfg = Release|Any CPU
		{DB9C714C-6F6D-40C6-99B0-9A2724334F0E}.Release|Any CPU.Build.0 = Release|Any CPU
	EndGlobalSection
	GlobalSection(SolutionProperties) = preSolution
		HideSolutionNode = FALSE
	EndGlobalSection
	GlobalSection(ExtensibilityGlobals) = postSolution
		SolutionGuid = {4EFF5E7E-AFE8-49F3-A9EC-375089934B7D}
	EndGlobalSection
EndGlobal
